// !$*UTF8*$!
{
	archiveVersion = 1;
	classes = {
	};
	objectVersion = 56;
	objects = {

/* Begin PBXBuildFile section */
		1D2999B5292BE0A300CC5A01 /* ObserveViewController.swift in Sources */ = {isa = PBXBuildFile; fileRef = 1D2999B4292BE0A300CC5A01 /* ObserveViewController.swift */; };
		1D2999B7292BE0EE00CC5A01 /* ObserveModel.swift in Sources */ = {isa = PBXBuildFile; fileRef = 1D2999B6292BE0EE00CC5A01 /* ObserveModel.swift */; };
		1D2A833E292FEF6F00A0ECB7 /* ComputedView.swift in Sources */ = {isa = PBXBuildFile; fileRef = 1D2A833D292FEF6F00A0ECB7 /* ComputedView.swift */; };
		1D3F073D29267FE7000DC62E /* Book.swift in Sources */ = {isa = PBXBuildFile; fileRef = 1D3F073C29267FE7000DC62E /* Book.swift */; };
		1D45D48A292D49730023F70B /* ComputedModel.swift in Sources */ = {isa = PBXBuildFile; fileRef = 1D45D489292D49730023F70B /* ComputedModel.swift */; };
		1D4FB4B3292E59A5003DFA6D /* PickerViewController.swift in Sources */ = {isa = PBXBuildFile; fileRef = 1D4FB4B2292E59A5003DFA6D /* PickerViewController.swift */; };
		1D539F1F291A8E7400C85888 /* AppDelegate.swift in Sources */ = {isa = PBXBuildFile; fileRef = 1D539F1E291A8E7400C85888 /* AppDelegate.swift */; };
		1D539F21291A8E7400C85888 /* SceneDelegate.swift in Sources */ = {isa = PBXBuildFile; fileRef = 1D539F20291A8E7400C85888 /* SceneDelegate.swift */; };
		1D539F23291A8E7400C85888 /* MoviesViewController.swift in Sources */ = {isa = PBXBuildFile; fileRef = 1D539F22291A8E7400C85888 /* MoviesViewController.swift */; };
		1D539F28291A8E7600C85888 /* Assets.xcassets in Resources */ = {isa = PBXBuildFile; fileRef = 1D539F27291A8E7600C85888 /* Assets.xcassets */; };
		1D539F2B291A8E7600C85888 /* LaunchScreen.storyboard in Resources */ = {isa = PBXBuildFile; fileRef = 1D539F29291A8E7600C85888 /* LaunchScreen.storyboard */; };
		1D539F37291A8F5C00C85888 /* Create.swift in Sources */ = {isa = PBXBuildFile; fileRef = 1D539F36291A8F5C00C85888 /* Create.swift */; };
		1D539F39291A8F7F00C85888 /* NetWork.swift in Sources */ = {isa = PBXBuildFile; fileRef = 1D539F38291A8F7F00C85888 /* NetWork.swift */; };
		1D539F3C291A904C00C85888 /* Constraints.swift in Sources */ = {isa = PBXBuildFile; fileRef = 1D539F3B291A904C00C85888 /* Constraints.swift */; };
		1D539F3E291A9B9500C85888 /* Assets.swift in Sources */ = {isa = PBXBuildFile; fileRef = 1D539F3D291A9B9500C85888 /* Assets.swift */; };
		1D539F40291A9DFF00C85888 /* MovieDetailsViewController.swift in Sources */ = {isa = PBXBuildFile; fileRef = 1D539F3F291A9DFF00C85888 /* MovieDetailsViewController.swift */; };
		1D539F45291AA40600C85888 /* Movie.swift in Sources */ = {isa = PBXBuildFile; fileRef = 1D539F44291AA40600C85888 /* Movie.swift */; };
		1D539F49291AC3D500C85888 /* MoviesTableViewCell.swift in Sources */ = {isa = PBXBuildFile; fileRef = 1D539F48291AC3D500C85888 /* MoviesTableViewCell.swift */; };
		1D539F4D291AD88800C85888 /* Player.swift in Sources */ = {isa = PBXBuildFile; fileRef = 1D539F4C291AD88800C85888 /* Player.swift */; };
		1D56CF51293512E3006798F1 /* PickerView.swift in Sources */ = {isa = PBXBuildFile; fileRef = 1D56CF50293512E3006798F1 /* PickerView.swift */; };
		1D56CF5329351D40006798F1 /* DatePicker.swift in Sources */ = {isa = PBXBuildFile; fileRef = 1D56CF5229351D40006798F1 /* DatePicker.swift */; };
		1D5CCA4C2927E2F100906EDC /* UINavigationController.swift in Sources */ = {isa = PBXBuildFile; fileRef = 1D5CCA4B2927E2F100906EDC /* UINavigationController.swift */; };
		1D64E9B229352BA90017AD9A /* NotSolidTimeLineService.swift in Sources */ = {isa = PBXBuildFile; fileRef = 1D64E9B129352BA90017AD9A /* NotSolidTimeLineService.swift */; };
		1D64E9B429352C330017AD9A /* NotSolidServiceSherduler.swift in Sources */ = {isa = PBXBuildFile; fileRef = 1D64E9B329352C330017AD9A /* NotSolidServiceSherduler.swift */; };
		1D68D67F2934F53A001ADA47 /* Water.geojson in Resources */ = {isa = PBXBuildFile; fileRef = 1D68D67E2934F15D001ADA47 /* Water.geojson */; };
		1D68D6802934F669001ADA47 /* Water.swift in Sources */ = {isa = PBXBuildFile; fileRef = 1DADF2DE292BFF6F00FB3830 /* Water.swift */; };
		1D68D6822934F826001ADA47 /* TestReader.swift in Sources */ = {isa = PBXBuildFile; fileRef = 1D68D6812934F826001ADA47 /* TestReader.swift */; };
		1D875F542926AC7B00169B84 /* BookViewController.swift in Sources */ = {isa = PBXBuildFile; fileRef = 1D875F532926AC7B00169B84 /* BookViewController.swift */; };
		1D875F562926B0F700169B84 /* TestViewController.swift in Sources */ = {isa = PBXBuildFile; fileRef = 1D875F552926B0F700169B84 /* TestViewController.swift */; };
		1D8C6EC32929806E000BCBE4 /* Jason.geojson in Resources */ = {isa = PBXBuildFile; fileRef = 1D8C6EC229297F1C000BCBE4 /* Jason.geojson */; };
		1D8C6EC6292981C3000BCBE4 /* AnimatedViewController.swift in Sources */ = {isa = PBXBuildFile; fileRef = 1D8C6EC5292981C3000BCBE4 /* AnimatedViewController.swift */; };
		1D94D2B5293276C500339F6E /* Background.swift in Sources */ = {isa = PBXBuildFile; fileRef = 1D94D2B4293276C500339F6E /* Background.swift */; };
		1D94D2B7293276EE00339F6E /* Hierarchy.swift in Sources */ = {isa = PBXBuildFile; fileRef = 1D94D2B6293276EE00339F6E /* Hierarchy.swift */; };
		1D9D0E2A293021EE0063E313 /* UIScrollView.swift in Sources */ = {isa = PBXBuildFile; fileRef = 1D9D0E29293021EE0063E313 /* UIScrollView.swift */; };
		1D9D0E2D293022310063E313 /* ScrollViewController.swift in Sources */ = {isa = PBXBuildFile; fileRef = 1D9D0E2C293022310063E313 /* ScrollViewController.swift */; };
		1DACDD682926561A00E283EF /* ReadViewController.swift in Sources */ = {isa = PBXBuildFile; fileRef = 1DACDD672926561A00E283EF /* ReadViewController.swift */; };
		1DADF2D6292BFADB00FB3830 /* Pitang_Agile_IT_Tests.swift in Sources */ = {isa = PBXBuildFile; fileRef = 1DADF2D5292BFADB00FB3830 /* Pitang_Agile_IT_Tests.swift */; };
		1DADF2DD292BFBC700FB3830 /* WaterTest.swift in Sources */ = {isa = PBXBuildFile; fileRef = 1DADF2DC292BFBC700FB3830 /* WaterTest.swift */; };
		1DC67FBF2925456A00F3D714 /* ComputedViewController.swift in Sources */ = {isa = PBXBuildFile; fileRef = 1DC67FBE2925456A00F3D714 /* ComputedViewController.swift */; };
		1DC963EF29353330002BC20D /* LazyViewController.swift in Sources */ = {isa = PBXBuildFile; fileRef = 1DC963EE29353330002BC20D /* LazyViewController.swift */; };
		1DE060B0292BB590007D7DE4 /* Batatinha.rtf in Resources */ = {isa = PBXBuildFile; fileRef = 1DE060AF292BB590007D7DE4 /* Batatinha.rtf */; };
		1DE060B2292BB5F1007D7DE4 /* ReadModel.swift in Sources */ = {isa = PBXBuildFile; fileRef = 1DE060B1292BB5F1007D7DE4 /* ReadModel.swift */; };
		1DE060B4292BB642007D7DE4 /* Setup.swift in Sources */ = {isa = PBXBuildFile; fileRef = 1DE060B3292BB642007D7DE4 /* Setup.swift */; };
		1DE060B6292BBECC007D7DE4 /* Batatas.rtf in Resources */ = {isa = PBXBuildFile; fileRef = 1DE060B5292BBECC007D7DE4 /* Batatas.rtf */; };
		1DE123172932BD83006D1587 /* View_1.swift in Sources */ = {isa = PBXBuildFile; fileRef = 1DE123162932BD83006D1587 /* View_1.swift */; };
		1DE123192932C401006D1587 /* View_2.swift in Sources */ = {isa = PBXBuildFile; fileRef = 1DE123182932C401006D1587 /* View_2.swift */; };
		1DE1231B2932C7D0006D1587 /* View_3.swift in Sources */ = {isa = PBXBuildFile; fileRef = 1DE1231A2932C7D0006D1587 /* View_3.swift */; };
		1DE1231D2932CE0F006D1587 /* View_4.swift in Sources */ = {isa = PBXBuildFile; fileRef = 1DE1231C2932CE0F006D1587 /* View_4.swift */; };
		1DEA7A4B291D821D003D4B98 /* ClousuresViewController.swift in Sources */ = {isa = PBXBuildFile; fileRef = 1DEA7A4A291D821D003D4B98 /* ClousuresViewController.swift */; };
		1DEA7A4D291D8291003D4B98 /* ClousuresView.swift in Sources */ = {isa = PBXBuildFile; fileRef = 1DEA7A4C291D8291003D4B98 /* ClousuresView.swift */; };
		1DFC7B66291BD3B100152452 /* MenuViewController.swift in Sources */ = {isa = PBXBuildFile; fileRef = 1DFC7B65291BD3B100152452 /* MenuViewController.swift */; };
		1DFC9AA7291FCF29007F4E2F /* AudioBookViewController.swift in Sources */ = {isa = PBXBuildFile; fileRef = 1DFC9AA6291FCF29007F4E2F /* AudioBookViewController.swift */; };
/* End PBXBuildFile section */

/* Begin PBXContainerItemProxy section */
		1DADF2D7292BFADB00FB3830 /* PBXContainerItemProxy */ = {
			isa = PBXContainerItemProxy;
			containerPortal = 1D539F13291A8E7400C85888 /* Project object */;
			proxyType = 1;
			remoteGlobalIDString = 1D539F1A291A8E7400C85888;
			remoteInfo = "Pitang Agile IT";
		};
/* End PBXContainerItemProxy section */

/* Begin PBXFileReference section */
		1D2999B4292BE0A300CC5A01 /* ObserveViewController.swift */ = {isa = PBXFileReference; lastKnownFileType = sourcecode.swift; path = ObserveViewController.swift; sourceTree = "<group>"; };
		1D2999B6292BE0EE00CC5A01 /* ObserveModel.swift */ = {isa = PBXFileReference; lastKnownFileType = sourcecode.swift; path = ObserveModel.swift; sourceTree = "<group>"; };
		1D2A833D292FEF6F00A0ECB7 /* ComputedView.swift */ = {isa = PBXFileReference; lastKnownFileType = sourcecode.swift; path = ComputedView.swift; sourceTree = "<group>"; };
		1D3F073C29267FE7000DC62E /* Book.swift */ = {isa = PBXFileReference; lastKnownFileType = sourcecode.swift; path = Book.swift; sourceTree = "<group>"; };
		1D45D489292D49730023F70B /* ComputedModel.swift */ = {isa = PBXFileReference; lastKnownFileType = sourcecode.swift; path = ComputedModel.swift; sourceTree = "<group>"; };
		1D4FB4B2292E59A5003DFA6D /* PickerViewController.swift */ = {isa = PBXFileReference; lastKnownFileType = sourcecode.swift; path = PickerViewController.swift; sourceTree = "<group>"; };
		1D539F1B291A8E7400C85888 /* Pitang Agile IT.app */ = {isa = PBXFileReference; explicitFileType = wrapper.application; includeInIndex = 0; path = "Pitang Agile IT.app"; sourceTree = BUILT_PRODUCTS_DIR; };
		1D539F1E291A8E7400C85888 /* AppDelegate.swift */ = {isa = PBXFileReference; lastKnownFileType = sourcecode.swift; path = AppDelegate.swift; sourceTree = "<group>"; };
		1D539F20291A8E7400C85888 /* SceneDelegate.swift */ = {isa = PBXFileReference; lastKnownFileType = sourcecode.swift; path = SceneDelegate.swift; sourceTree = "<group>"; };
		1D539F22291A8E7400C85888 /* MoviesViewController.swift */ = {isa = PBXFileReference; lastKnownFileType = sourcecode.swift; path = MoviesViewController.swift; sourceTree = "<group>"; };
		1D539F27291A8E7600C85888 /* Assets.xcassets */ = {isa = PBXFileReference; lastKnownFileType = folder.assetcatalog; path = Assets.xcassets; sourceTree = "<group>"; };
		1D539F2A291A8E7600C85888 /* Base */ = {isa = PBXFileReference; lastKnownFileType = file.storyboard; name = Base; path = Base.lproj/LaunchScreen.storyboard; sourceTree = "<group>"; };
		1D539F2C291A8E7600C85888 /* Info.plist */ = {isa = PBXFileReference; lastKnownFileType = text.plist.xml; path = Info.plist; sourceTree = "<group>"; };
		1D539F36291A8F5C00C85888 /* Create.swift */ = {isa = PBXFileReference; lastKnownFileType = sourcecode.swift; path = Create.swift; sourceTree = "<group>"; };
		1D539F38291A8F7F00C85888 /* NetWork.swift */ = {isa = PBXFileReference; lastKnownFileType = sourcecode.swift; path = NetWork.swift; sourceTree = "<group>"; };
		1D539F3B291A904C00C85888 /* Constraints.swift */ = {isa = PBXFileReference; lastKnownFileType = sourcecode.swift; path = Constraints.swift; sourceTree = "<group>"; };
		1D539F3D291A9B9500C85888 /* Assets.swift */ = {isa = PBXFileReference; lastKnownFileType = sourcecode.swift; path = Assets.swift; sourceTree = "<group>"; };
		1D539F3F291A9DFF00C85888 /* MovieDetailsViewController.swift */ = {isa = PBXFileReference; lastKnownFileType = sourcecode.swift; path = MovieDetailsViewController.swift; sourceTree = "<group>"; };
		1D539F44291AA40600C85888 /* Movie.swift */ = {isa = PBXFileReference; lastKnownFileType = sourcecode.swift; path = Movie.swift; sourceTree = "<group>"; };
		1D539F48291AC3D500C85888 /* MoviesTableViewCell.swift */ = {isa = PBXFileReference; lastKnownFileType = sourcecode.swift; path = MoviesTableViewCell.swift; sourceTree = "<group>"; };
		1D539F4C291AD88800C85888 /* Player.swift */ = {isa = PBXFileReference; lastKnownFileType = sourcecode.swift; path = Player.swift; sourceTree = "<group>"; };
		1D56CF50293512E3006798F1 /* PickerView.swift */ = {isa = PBXFileReference; lastKnownFileType = sourcecode.swift; path = PickerView.swift; sourceTree = "<group>"; };
		1D56CF5229351D40006798F1 /* DatePicker.swift */ = {isa = PBXFileReference; lastKnownFileType = sourcecode.swift; path = DatePicker.swift; sourceTree = "<group>"; };
		1D5CCA4B2927E2F100906EDC /* UINavigationController.swift */ = {isa = PBXFileReference; lastKnownFileType = sourcecode.swift; path = UINavigationController.swift; sourceTree = "<group>"; };
		1D64E9B129352BA90017AD9A /* NotSolidTimeLineService.swift */ = {isa = PBXFileReference; lastKnownFileType = sourcecode.swift; path = NotSolidTimeLineService.swift; sourceTree = "<group>"; };
		1D64E9B329352C330017AD9A /* NotSolidServiceSherduler.swift */ = {isa = PBXFileReference; lastKnownFileType = sourcecode.swift; path = NotSolidServiceSherduler.swift; sourceTree = "<group>"; };
		1D68D67E2934F15D001ADA47 /* Water.geojson */ = {isa = PBXFileReference; lastKnownFileType = text; path = Water.geojson; sourceTree = "<group>"; };
		1D68D6812934F826001ADA47 /* TestReader.swift */ = {isa = PBXFileReference; lastKnownFileType = sourcecode.swift; path = TestReader.swift; sourceTree = "<group>"; };
		1D875F532926AC7B00169B84 /* BookViewController.swift */ = {isa = PBXFileReference; lastKnownFileType = sourcecode.swift; path = BookViewController.swift; sourceTree = "<group>"; };
		1D875F552926B0F700169B84 /* TestViewController.swift */ = {isa = PBXFileReference; lastKnownFileType = sourcecode.swift; path = TestViewController.swift; sourceTree = "<group>"; };
		1D8C6EC229297F1C000BCBE4 /* Jason.geojson */ = {isa = PBXFileReference; fileEncoding = 4; lastKnownFileType = text; path = Jason.geojson; sourceTree = "<group>"; };
		1D8C6EC5292981C3000BCBE4 /* AnimatedViewController.swift */ = {isa = PBXFileReference; lastKnownFileType = sourcecode.swift; path = AnimatedViewController.swift; sourceTree = "<group>"; };
		1D94D2B4293276C500339F6E /* Background.swift */ = {isa = PBXFileReference; lastKnownFileType = sourcecode.swift; path = Background.swift; sourceTree = "<group>"; };
		1D94D2B6293276EE00339F6E /* Hierarchy.swift */ = {isa = PBXFileReference; lastKnownFileType = sourcecode.swift; path = Hierarchy.swift; sourceTree = "<group>"; };
		1D9D0E29293021EE0063E313 /* UIScrollView.swift */ = {isa = PBXFileReference; lastKnownFileType = sourcecode.swift; path = UIScrollView.swift; sourceTree = "<group>"; };
		1D9D0E2C293022310063E313 /* ScrollViewController.swift */ = {isa = PBXFileReference; lastKnownFileType = sourcecode.swift; path = ScrollViewController.swift; sourceTree = "<group>"; };
		1DACDD672926561A00E283EF /* ReadViewController.swift */ = {isa = PBXFileReference; lastKnownFileType = sourcecode.swift; path = ReadViewController.swift; sourceTree = "<group>"; };
		1DADF2D3292BFADB00FB3830 /* Pitang Agile IT Tests.xctest */ = {isa = PBXFileReference; explicitFileType = wrapper.cfbundle; includeInIndex = 0; path = "Pitang Agile IT Tests.xctest"; sourceTree = BUILT_PRODUCTS_DIR; };
		1DADF2D5292BFADB00FB3830 /* Pitang_Agile_IT_Tests.swift */ = {isa = PBXFileReference; lastKnownFileType = sourcecode.swift; path = Pitang_Agile_IT_Tests.swift; sourceTree = "<group>"; };
		1DADF2DC292BFBC700FB3830 /* WaterTest.swift */ = {isa = PBXFileReference; lastKnownFileType = sourcecode.swift; path = WaterTest.swift; sourceTree = "<group>"; };
		1DADF2DE292BFF6F00FB3830 /* Water.swift */ = {isa = PBXFileReference; lastKnownFileType = sourcecode.swift; path = Water.swift; sourceTree = "<group>"; };
		1DC67FBE2925456A00F3D714 /* ComputedViewController.swift */ = {isa = PBXFileReference; lastKnownFileType = sourcecode.swift; path = ComputedViewController.swift; sourceTree = "<group>"; };
		1DC963EE29353330002BC20D /* LazyViewController.swift */ = {isa = PBXFileReference; lastKnownFileType = sourcecode.swift; path = LazyViewController.swift; sourceTree = "<group>"; };
		1DE060AF292BB590007D7DE4 /* Batatinha.rtf */ = {isa = PBXFileReference; lastKnownFileType = text.rtf; path = Batatinha.rtf; sourceTree = "<group>"; };
		1DE060B1292BB5F1007D7DE4 /* ReadModel.swift */ = {isa = PBXFileReference; lastKnownFileType = sourcecode.swift; path = ReadModel.swift; sourceTree = "<group>"; };
		1DE060B3292BB642007D7DE4 /* Setup.swift */ = {isa = PBXFileReference; lastKnownFileType = sourcecode.swift; path = Setup.swift; sourceTree = "<group>"; };
		1DE060B5292BBECC007D7DE4 /* Batatas.rtf */ = {isa = PBXFileReference; lastKnownFileType = text.rtf; path = Batatas.rtf; sourceTree = "<group>"; };
		1DE123162932BD83006D1587 /* View_1.swift */ = {isa = PBXFileReference; lastKnownFileType = sourcecode.swift; path = View_1.swift; sourceTree = "<group>"; };
		1DE123182932C401006D1587 /* View_2.swift */ = {isa = PBXFileReference; lastKnownFileType = sourcecode.swift; path = View_2.swift; sourceTree = "<group>"; };
		1DE1231A2932C7D0006D1587 /* View_3.swift */ = {isa = PBXFileReference; lastKnownFileType = sourcecode.swift; path = View_3.swift; sourceTree = "<group>"; };
		1DE1231C2932CE0F006D1587 /* View_4.swift */ = {isa = PBXFileReference; lastKnownFileType = sourcecode.swift; path = View_4.swift; sourceTree = "<group>"; };
		1DEA7A4A291D821D003D4B98 /* ClousuresViewController.swift */ = {isa = PBXFileReference; lastKnownFileType = sourcecode.swift; path = ClousuresViewController.swift; sourceTree = "<group>"; };
		1DEA7A4C291D8291003D4B98 /* ClousuresView.swift */ = {isa = PBXFileReference; lastKnownFileType = sourcecode.swift; path = ClousuresView.swift; sourceTree = "<group>"; };
		1DFC7B65291BD3B100152452 /* MenuViewController.swift */ = {isa = PBXFileReference; lastKnownFileType = sourcecode.swift; path = MenuViewController.swift; sourceTree = "<group>"; };
		1DFC9AA6291FCF29007F4E2F /* AudioBookViewController.swift */ = {isa = PBXFileReference; lastKnownFileType = sourcecode.swift; path = AudioBookViewController.swift; sourceTree = "<group>"; };
/* End PBXFileReference section */

/* Begin PBXFrameworksBuildPhase section */
		1D539F18291A8E7400C85888 /* Frameworks */ = {
			isa = PBXFrameworksBuildPhase;
			buildActionMask = 2147483647;
			files = (
			);
			runOnlyForDeploymentPostprocessing = 0;
		};
		1DADF2D0292BFADB00FB3830 /* Frameworks */ = {
			isa = PBXFrameworksBuildPhase;
			buildActionMask = 2147483647;
			files = (
			);
			runOnlyForDeploymentPostprocessing = 0;
		};
/* End PBXFrameworksBuildPhase section */

/* Begin PBXGroup section */
		1D2999B3292BE08900CC5A01 /* Observe */ = {
			isa = PBXGroup;
			children = (
				1D2999B4292BE0A300CC5A01 /* ObserveViewController.swift */,
				1D2999B6292BE0EE00CC5A01 /* ObserveModel.swift */,
			);
			path = Observe;
			sourceTree = "<group>";
		};
		1D4FB4B1292E5995003DFA6D /* Picker&Date */ = {
			isa = PBXGroup;
			children = (
				1D4FB4B2292E59A5003DFA6D /* PickerViewController.swift */,
				1D56CF50293512E3006798F1 /* PickerView.swift */,
				1D56CF5229351D40006798F1 /* DatePicker.swift */,
			);
			path = "Picker&Date";
			sourceTree = "<group>";
		};
		1D539F12291A8E7400C85888 = {
			isa = PBXGroup;
			children = (
				1D539F1D291A8E7400C85888 /* Pitang Agile IT */,
				1DADF2D4292BFADB00FB3830 /* Pitang Agile IT Tests */,
				1D539F1C291A8E7400C85888 /* Products */,
			);
			sourceTree = "<group>";
		};
		1D539F1C291A8E7400C85888 /* Products */ = {
			isa = PBXGroup;
			children = (
				1D539F1B291A8E7400C85888 /* Pitang Agile IT.app */,
				1DADF2D3292BFADB00FB3830 /* Pitang Agile IT Tests.xctest */,
			);
			name = Products;
			sourceTree = "<group>";
		};
		1D539F1D291A8E7400C85888 /* Pitang Agile IT */ = {
			isa = PBXGroup;
			children = (
				1D539F34291A8EB000C85888 /* AppFront */,
				1D539F33291A8E9D00C85888 /* AppDelegate */,
				1D539F32291A8E9600C85888 /* AppUtils */,
				1D539F29291A8E7600C85888 /* LaunchScreen.storyboard */,
				1D539F2C291A8E7600C85888 /* Info.plist */,
				1D8C6EC229297F1C000BCBE4 /* Jason.geojson */,
				1DE060AF292BB590007D7DE4 /* Batatinha.rtf */,
				1DE060B5292BBECC007D7DE4 /* Batatas.rtf */,
			);
			path = "Pitang Agile IT";
			sourceTree = "<group>";
		};
		1D539F32291A8E9600C85888 /* AppUtils */ = {
			isa = PBXGroup;
			children = (
				1D539F3A291A8FC300C85888 /* Extensions */,
				1D539F35291A8F3E00C85888 /* NetWork */,
				1D539F27291A8E7600C85888 /* Assets.xcassets */,
				1D539F3D291A9B9500C85888 /* Assets.swift */,
				1D539F4C291AD88800C85888 /* Player.swift */,
				1DE060B3292BB642007D7DE4 /* Setup.swift */,
				1D539F36291A8F5C00C85888 /* Create.swift */,
			);
			path = AppUtils;
			sourceTree = "<group>";
		};
		1D539F33291A8E9D00C85888 /* AppDelegate */ = {
			isa = PBXGroup;
			children = (
				1D539F1E291A8E7400C85888 /* AppDelegate.swift */,
				1D539F20291A8E7400C85888 /* SceneDelegate.swift */,
			);
			path = AppDelegate;
			sourceTree = "<group>";
		};
		1D539F34291A8EB000C85888 /* AppFront */ = {
			isa = PBXGroup;
			children = (
				1DC963ED2935331D002BC20D /* Lazy */,
				1D56CF4F2935122F006798F1 /* Solid */,
				1D9D0E2B2930220A0063E313 /* Scroll */,
				1D4FB4B1292E5995003DFA6D /* Picker&Date */,
				1D2999B3292BE08900CC5A01 /* Observe */,
				1D8C6EC4292981A7000BCBE4 /* Animated */,
				1D875F522926AC6600169B84 /* Book */,
				1DACDD662926560800E283EF /* Read */,
				1DC67FBD2925455100F3D714 /* Computed */,
				1DFC9AA5291FCF0E007F4E2F /* AudioBook */,
				1D539F41291AA00700C85888 /* Movies */,
				1DEA7A49291D820C003D4B98 /* Clousures */,
				1DFC7B65291BD3B100152452 /* MenuViewController.swift */,
			);
			path = AppFront;
			sourceTree = "<group>";
		};
		1D539F35291A8F3E00C85888 /* NetWork */ = {
			isa = PBXGroup;
			children = (
				1D539F43291AA3F300C85888 /* Models */,
				1D539F38291A8F7F00C85888 /* NetWork.swift */,
			);
			path = NetWork;
			sourceTree = "<group>";
		};
		1D539F3A291A8FC300C85888 /* Extensions */ = {
			isa = PBXGroup;
			children = (
				1D94D2B3293275DE00339F6E /* UIView */,
				1D5CCA4B2927E2F100906EDC /* UINavigationController.swift */,
				1D9D0E29293021EE0063E313 /* UIScrollView.swift */,
			);
			path = Extensions;
			sourceTree = "<group>";
		};
		1D539F41291AA00700C85888 /* Movies */ = {
			isa = PBXGroup;
			children = (
				1D539F42291AA00F00C85888 /* Details */,
				1D539F22291A8E7400C85888 /* MoviesViewController.swift */,
				1D539F48291AC3D500C85888 /* MoviesTableViewCell.swift */,
			);
			path = Movies;
			sourceTree = "<group>";
		};
		1D539F42291AA00F00C85888 /* Details */ = {
			isa = PBXGroup;
			children = (
				1D539F3F291A9DFF00C85888 /* MovieDetailsViewController.swift */,
			);
			path = Details;
			sourceTree = "<group>";
		};
		1D539F43291AA3F300C85888 /* Models */ = {
			isa = PBXGroup;
			children = (
				1D539F44291AA40600C85888 /* Movie.swift */,
				1D3F073C29267FE7000DC62E /* Book.swift */,
			);
			path = Models;
			sourceTree = "<group>";
		};
		1D56CF4F2935122F006798F1 /* Solid */ = {
			isa = PBXGroup;
			children = (
				1D64E9B129352BA90017AD9A /* NotSolidTimeLineService.swift */,
				1D64E9B329352C330017AD9A /* NotSolidServiceSherduler.swift */,
			);
			path = Solid;
			sourceTree = "<group>";
		};
		1D68D67D2934F13E001ADA47 /* Fixtures */ = {
			isa = PBXGroup;
			children = (
				1D68D67E2934F15D001ADA47 /* Water.geojson */,
				1DADF2DE292BFF6F00FB3830 /* Water.swift */,
			);
			path = Fixtures;
			sourceTree = "<group>";
		};
		1D68D6832934F83A001ADA47 /* Tests */ = {
			isa = PBXGroup;
			children = (
				1DADF2D5292BFADB00FB3830 /* Pitang_Agile_IT_Tests.swift */,
				1DADF2DC292BFBC700FB3830 /* WaterTest.swift */,
			);
			path = Tests;
			sourceTree = "<group>";
		};
		1D68D6842934F846001ADA47 /* TestUtils */ = {
			isa = PBXGroup;
			children = (
				1D68D67D2934F13E001ADA47 /* Fixtures */,
				1D68D6812934F826001ADA47 /* TestReader.swift */,
			);
			path = TestUtils;
			sourceTree = "<group>";
		};
		1D875F522926AC6600169B84 /* Book */ = {
			isa = PBXGroup;
			children = (
				1D875F532926AC7B00169B84 /* BookViewController.swift */,
				1D875F552926B0F700169B84 /* TestViewController.swift */,
			);
			path = Book;
			sourceTree = "<group>";
		};
		1D8C6EC4292981A7000BCBE4 /* Animated */ = {
			isa = PBXGroup;
			children = (
				1D8C6EC5292981C3000BCBE4 /* AnimatedViewController.swift */,
			);
			path = Animated;
			sourceTree = "<group>";
		};
		1D94D2B3293275DE00339F6E /* UIView */ = {
			isa = PBXGroup;
			children = (
				1D539F3B291A904C00C85888 /* Constraints.swift */,
				1D94D2B4293276C500339F6E /* Background.swift */,
				1D94D2B6293276EE00339F6E /* Hierarchy.swift */,
			);
			path = UIView;
			sourceTree = "<group>";
		};
		1D9D0E2B2930220A0063E313 /* Scroll */ = {
			isa = PBXGroup;
			children = (
				1D9D0E2C293022310063E313 /* ScrollViewController.swift */,
				1DE123162932BD83006D1587 /* View_1.swift */,
				1DE123182932C401006D1587 /* View_2.swift */,
				1DE1231A2932C7D0006D1587 /* View_3.swift */,
				1DE1231C2932CE0F006D1587 /* View_4.swift */,
			);
			path = Scroll;
			sourceTree = "<group>";
		};
		1DACDD662926560800E283EF /* Read */ = {
			isa = PBXGroup;
			children = (
				1DACDD672926561A00E283EF /* ReadViewController.swift */,
				1DE060B1292BB5F1007D7DE4 /* ReadModel.swift */,
			);
			path = Read;
			sourceTree = "<group>";
		};
		1DADF2D4292BFADB00FB3830 /* Pitang Agile IT Tests */ = {
			isa = PBXGroup;
			children = (
				1D68D6842934F846001ADA47 /* TestUtils */,
				1D68D6832934F83A001ADA47 /* Tests */,
			);
			path = "Pitang Agile IT Tests";
			sourceTree = "<group>";
		};
		1DC67FBD2925455100F3D714 /* Computed */ = {
			isa = PBXGroup;
			children = (
				1DC67FBE2925456A00F3D714 /* ComputedViewController.swift */,
				1D45D489292D49730023F70B /* ComputedModel.swift */,
				1D2A833D292FEF6F00A0ECB7 /* ComputedView.swift */,
			);
			path = Computed;
			sourceTree = "<group>";
		};
		1DC963ED2935331D002BC20D /* Lazy */ = {
			isa = PBXGroup;
			children = (
				1DC963EE29353330002BC20D /* LazyViewController.swift */,
			);
			path = Lazy;
			sourceTree = "<group>";
		};
		1DEA7A49291D820C003D4B98 /* Clousures */ = {
			isa = PBXGroup;
			children = (
				1DEA7A4A291D821D003D4B98 /* ClousuresViewController.swift */,
				1DEA7A4C291D8291003D4B98 /* ClousuresView.swift */,
			);
			path = Clousures;
			sourceTree = "<group>";
		};
		1DFC9AA5291FCF0E007F4E2F /* AudioBook */ = {
			isa = PBXGroup;
			children = (
				1DFC9AA6291FCF29007F4E2F /* AudioBookViewController.swift */,
			);
			path = AudioBook;
			sourceTree = "<group>";
		};
/* End PBXGroup section */

/* Begin PBXNativeTarget section */
		1D539F1A291A8E7400C85888 /* Pitang Agile IT */ = {
			isa = PBXNativeTarget;
			buildConfigurationList = 1D539F2F291A8E7600C85888 /* Build configuration list for PBXNativeTarget "Pitang Agile IT" */;
			buildPhases = (
				1D539F17291A8E7400C85888 /* Sources */,
				1D539F18291A8E7400C85888 /* Frameworks */,
				1D539F19291A8E7400C85888 /* Resources */,
			);
			buildRules = (
			);
			dependencies = (
			);
			name = "Pitang Agile IT";
			productName = "Pitang Agile IT";
			productReference = 1D539F1B291A8E7400C85888 /* Pitang Agile IT.app */;
			productType = "com.apple.product-type.application";
		};
		1DADF2D2292BFADB00FB3830 /* Pitang Agile IT Tests */ = {
			isa = PBXNativeTarget;
			buildConfigurationList = 1DADF2D9292BFADB00FB3830 /* Build configuration list for PBXNativeTarget "Pitang Agile IT Tests" */;
			buildPhases = (
				1DADF2CF292BFADB00FB3830 /* Sources */,
				1DADF2D0292BFADB00FB3830 /* Frameworks */,
				1DADF2D1292BFADB00FB3830 /* Resources */,
			);
			buildRules = (
			);
			dependencies = (
				1DADF2D8292BFADB00FB3830 /* PBXTargetDependency */,
			);
			name = "Pitang Agile IT Tests";
			productName = "Pitang Agile IT Tests";
			productReference = 1DADF2D3292BFADB00FB3830 /* Pitang Agile IT Tests.xctest */;
			productType = "com.apple.product-type.bundle.unit-test";
		};
/* End PBXNativeTarget section */

/* Begin PBXProject section */
		1D539F13291A8E7400C85888 /* Project object */ = {
			isa = PBXProject;
			attributes = {
				BuildIndependentTargetsInParallel = 1;
				LastSwiftUpdateCheck = 1410;
				LastUpgradeCheck = 1410;
				TargetAttributes = {
					1D539F1A291A8E7400C85888 = {
						CreatedOnToolsVersion = 14.1;
					};
					1DADF2D2292BFADB00FB3830 = {
						CreatedOnToolsVersion = 14.1;
						TestTargetID = 1D539F1A291A8E7400C85888;
					};
				};
			};
			buildConfigurationList = 1D539F16291A8E7400C85888 /* Build configuration list for PBXProject "Pitang Agile IT" */;
			compatibilityVersion = "Xcode 14.0";
			developmentRegion = en;
			hasScannedForEncodings = 0;
			knownRegions = (
				en,
				Base,
			);
			mainGroup = 1D539F12291A8E7400C85888;
			productRefGroup = 1D539F1C291A8E7400C85888 /* Products */;
			projectDirPath = "";
			projectRoot = "";
			targets = (
				1D539F1A291A8E7400C85888 /* Pitang Agile IT */,
				1DADF2D2292BFADB00FB3830 /* Pitang Agile IT Tests */,
			);
		};
/* End PBXProject section */

/* Begin PBXResourcesBuildPhase section */
		1D539F19291A8E7400C85888 /* Resources */ = {
			isa = PBXResourcesBuildPhase;
			buildActionMask = 2147483647;
			files = (
				1DE060B6292BBECC007D7DE4 /* Batatas.rtf in Resources */,
				1D8C6EC32929806E000BCBE4 /* Jason.geojson in Resources */,
				1D539F2B291A8E7600C85888 /* LaunchScreen.storyboard in Resources */,
				1D539F28291A8E7600C85888 /* Assets.xcassets in Resources */,
				1DE060B0292BB590007D7DE4 /* Batatinha.rtf in Resources */,
			);
			runOnlyForDeploymentPostprocessing = 0;
		};
		1DADF2D1292BFADB00FB3830 /* Resources */ = {
			isa = PBXResourcesBuildPhase;
			buildActionMask = 2147483647;
			files = (
				1D68D67F2934F53A001ADA47 /* Water.geojson in Resources */,
			);
			runOnlyForDeploymentPostprocessing = 0;
		};
/* End PBXResourcesBuildPhase section */

/* Begin PBXSourcesBuildPhase section */
		1D539F17291A8E7400C85888 /* Sources */ = {
			isa = PBXSourcesBuildPhase;
			buildActionMask = 2147483647;
			files = (
				1D2999B5292BE0A300CC5A01 /* ObserveViewController.swift in Sources */,
				1DE1231D2932CE0F006D1587 /* View_4.swift in Sources */,
				1D64E9B429352C330017AD9A /* NotSolidServiceSherduler.swift in Sources */,
				1D539F4D291AD88800C85888 /* Player.swift in Sources */,
				1D539F23291A8E7400C85888 /* MoviesViewController.swift in Sources */,
				1D9D0E2D293022310063E313 /* ScrollViewController.swift in Sources */,
				1DE1231B2932C7D0006D1587 /* View_3.swift in Sources */,
				1D539F3E291A9B9500C85888 /* Assets.swift in Sources */,
				1DE060B2292BB5F1007D7DE4 /* ReadModel.swift in Sources */,
				1D539F1F291A8E7400C85888 /* AppDelegate.swift in Sources */,
				1DC963EF29353330002BC20D /* LazyViewController.swift in Sources */,
				1D539F40291A9DFF00C85888 /* MovieDetailsViewController.swift in Sources */,
				1D4FB4B3292E59A5003DFA6D /* PickerViewController.swift in Sources */,
				1D539F21291A8E7400C85888 /* SceneDelegate.swift in Sources */,
				1D64E9B229352BA90017AD9A /* NotSolidTimeLineService.swift in Sources */,
				1DE060B4292BB642007D7DE4 /* Setup.swift in Sources */,
				1D94D2B5293276C500339F6E /* Background.swift in Sources */,
				1D5CCA4C2927E2F100906EDC /* UINavigationController.swift in Sources */,
				1D2A833E292FEF6F00A0ECB7 /* ComputedView.swift in Sources */,
				1DFC7B66291BD3B100152452 /* MenuViewController.swift in Sources */,
				1DACDD682926561A00E283EF /* ReadViewController.swift in Sources */,
				1DE123172932BD83006D1587 /* View_1.swift in Sources */,
				1D8C6EC6292981C3000BCBE4 /* AnimatedViewController.swift in Sources */,
				1D56CF5329351D40006798F1 /* DatePicker.swift in Sources */,
				1DC67FBF2925456A00F3D714 /* ComputedViewController.swift in Sources */,
				1D2999B7292BE0EE00CC5A01 /* ObserveModel.swift in Sources */,
				1D539F49291AC3D500C85888 /* MoviesTableViewCell.swift in Sources */,
				1D875F562926B0F700169B84 /* TestViewController.swift in Sources */,
				1DE123192932C401006D1587 /* View_2.swift in Sources */,
				1DEA7A4D291D8291003D4B98 /* ClousuresView.swift in Sources */,
				1D539F45291AA40600C85888 /* Movie.swift in Sources */,
				1D45D48A292D49730023F70B /* ComputedModel.swift in Sources */,
				1DEA7A4B291D821D003D4B98 /* ClousuresViewController.swift in Sources */,
				1DFC9AA7291FCF29007F4E2F /* AudioBookViewController.swift in Sources */,
				1D56CF51293512E3006798F1 /* PickerView.swift in Sources */,
				1D3F073D29267FE7000DC62E /* Book.swift in Sources */,
				1D539F37291A8F5C00C85888 /* Create.swift in Sources */,
				1D94D2B7293276EE00339F6E /* Hierarchy.swift in Sources */,
				1D9D0E2A293021EE0063E313 /* UIScrollView.swift in Sources */,
				1D539F3C291A904C00C85888 /* Constraints.swift in Sources */,
				1D875F542926AC7B00169B84 /* BookViewController.swift in Sources */,
				1D539F39291A8F7F00C85888 /* NetWork.swift in Sources */,
			);
			runOnlyForDeploymentPostprocessing = 0;
		};
		1DADF2CF292BFADB00FB3830 /* Sources */ = {
			isa = PBXSourcesBuildPhase;
			buildActionMask = 2147483647;
			files = (
				1DADF2DD292BFBC700FB3830 /* WaterTest.swift in Sources */,
				1D68D6802934F669001ADA47 /* Water.swift in Sources */,
				1D68D6822934F826001ADA47 /* TestReader.swift in Sources */,
				1DADF2D6292BFADB00FB3830 /* Pitang_Agile_IT_Tests.swift in Sources */,
			);
			runOnlyForDeploymentPostprocessing = 0;
		};
/* End PBXSourcesBuildPhase section */

/* Begin PBXTargetDependency section */
		1DADF2D8292BFADB00FB3830 /* PBXTargetDependency */ = {
			isa = PBXTargetDependency;
			target = 1D539F1A291A8E7400C85888 /* Pitang Agile IT */;
			targetProxy = 1DADF2D7292BFADB00FB3830 /* PBXContainerItemProxy */;
		};
/* End PBXTargetDependency section */

/* Begin PBXVariantGroup section */
		1D539F29291A8E7600C85888 /* LaunchScreen.storyboard */ = {
			isa = PBXVariantGroup;
			children = (
				1D539F2A291A8E7600C85888 /* Base */,
			);
			name = LaunchScreen.storyboard;
			sourceTree = "<group>";
		};
/* End PBXVariantGroup section */

/* Begin XCBuildConfiguration section */
		1D539F2D291A8E7600C85888 /* Debug */ = {
			isa = XCBuildConfiguration;
			buildSettings = {
				ALWAYS_SEARCH_USER_PATHS = NO;
				CLANG_ANALYZER_NONNULL = YES;
				CLANG_ANALYZER_NUMBER_OBJECT_CONVERSION = YES_AGGRESSIVE;
				CLANG_CXX_LANGUAGE_STANDARD = "gnu++20";
				CLANG_ENABLE_MODULES = YES;
				CLANG_ENABLE_OBJC_ARC = YES;
				CLANG_ENABLE_OBJC_WEAK = YES;
				CLANG_WARN_BLOCK_CAPTURE_AUTORELEASING = YES;
				CLANG_WARN_BOOL_CONVERSION = YES;
				CLANG_WARN_COMMA = YES;
				CLANG_WARN_CONSTANT_CONVERSION = YES;
				CLANG_WARN_DEPRECATED_OBJC_IMPLEMENTATIONS = YES;
				CLANG_WARN_DIRECT_OBJC_ISA_USAGE = YES_ERROR;
				CLANG_WARN_DOCUMENTATION_COMMENTS = YES;
				CLANG_WARN_EMPTY_BODY = YES;
				CLANG_WARN_ENUM_CONVERSION = YES;
				CLANG_WARN_INFINITE_RECURSION = YES;
				CLANG_WARN_INT_CONVERSION = YES;
				CLANG_WARN_NON_LITERAL_NULL_CONVERSION = YES;
				CLANG_WARN_OBJC_IMPLICIT_RETAIN_SELF = YES;
				CLANG_WARN_OBJC_LITERAL_CONVERSION = YES;
				CLANG_WARN_OBJC_ROOT_CLASS = YES_ERROR;
				CLANG_WARN_QUOTED_INCLUDE_IN_FRAMEWORK_HEADER = YES;
				CLANG_WARN_RANGE_LOOP_ANALYSIS = YES;
				CLANG_WARN_STRICT_PROTOTYPES = YES;
				CLANG_WARN_SUSPICIOUS_MOVE = YES;
				CLANG_WARN_UNGUARDED_AVAILABILITY = YES_AGGRESSIVE;
				CLANG_WARN_UNREACHABLE_CODE = YES;
				CLANG_WARN__DUPLICATE_METHOD_MATCH = YES;
				COPY_PHASE_STRIP = NO;
				DEBUG_INFORMATION_FORMAT = dwarf;
				ENABLE_STRICT_OBJC_MSGSEND = YES;
				ENABLE_TESTABILITY = YES;
				GCC_C_LANGUAGE_STANDARD = gnu11;
				GCC_DYNAMIC_NO_PIC = NO;
				GCC_NO_COMMON_BLOCKS = YES;
				GCC_OPTIMIZATION_LEVEL = 0;
				GCC_PREPROCESSOR_DEFINITIONS = (
					"DEBUG=1",
					"$(inherited)",
				);
				GCC_WARN_64_TO_32_BIT_CONVERSION = YES;
				GCC_WARN_ABOUT_RETURN_TYPE = YES_ERROR;
				GCC_WARN_UNDECLARED_SELECTOR = YES;
				GCC_WARN_UNINITIALIZED_AUTOS = YES_AGGRESSIVE;
				GCC_WARN_UNUSED_FUNCTION = YES;
				GCC_WARN_UNUSED_VARIABLE = YES;
				IPHONEOS_DEPLOYMENT_TARGET = 16.1;
				MTL_ENABLE_DEBUG_INFO = INCLUDE_SOURCE;
				MTL_FAST_MATH = YES;
				ONLY_ACTIVE_ARCH = YES;
				SDKROOT = iphoneos;
				SWIFT_ACTIVE_COMPILATION_CONDITIONS = DEBUG;
				SWIFT_OPTIMIZATION_LEVEL = "-Onone";
			};
			name = Debug;
		};
		1D539F2E291A8E7600C85888 /* Release */ = {
			isa = XCBuildConfiguration;
			buildSettings = {
				ALWAYS_SEARCH_USER_PATHS = NO;
				CLANG_ANALYZER_NONNULL = YES;
				CLANG_ANALYZER_NUMBER_OBJECT_CONVERSION = YES_AGGRESSIVE;
				CLANG_CXX_LANGUAGE_STANDARD = "gnu++20";
				CLANG_ENABLE_MODULES = YES;
				CLANG_ENABLE_OBJC_ARC = YES;
				CLANG_ENABLE_OBJC_WEAK = YES;
				CLANG_WARN_BLOCK_CAPTURE_AUTORELEASING = YES;
				CLANG_WARN_BOOL_CONVERSION = YES;
				CLANG_WARN_COMMA = YES;
				CLANG_WARN_CONSTANT_CONVERSION = YES;
				CLANG_WARN_DEPRECATED_OBJC_IMPLEMENTATIONS = YES;
				CLANG_WARN_DIRECT_OBJC_ISA_USAGE = YES_ERROR;
				CLANG_WARN_DOCUMENTATION_COMMENTS = YES;
				CLANG_WARN_EMPTY_BODY = YES;
				CLANG_WARN_ENUM_CONVERSION = YES;
				CLANG_WARN_INFINITE_RECURSION = YES;
				CLANG_WARN_INT_CONVERSION = YES;
				CLANG_WARN_NON_LITERAL_NULL_CONVERSION = YES;
				CLANG_WARN_OBJC_IMPLICIT_RETAIN_SELF = YES;
				CLANG_WARN_OBJC_LITERAL_CONVERSION = YES;
				CLANG_WARN_OBJC_ROOT_CLASS = YES_ERROR;
				CLANG_WARN_QUOTED_INCLUDE_IN_FRAMEWORK_HEADER = YES;
				CLANG_WARN_RANGE_LOOP_ANALYSIS = YES;
				CLANG_WARN_STRICT_PROTOTYPES = YES;
				CLANG_WARN_SUSPICIOUS_MOVE = YES;
				CLANG_WARN_UNGUARDED_AVAILABILITY = YES_AGGRESSIVE;
				CLANG_WARN_UNREACHABLE_CODE = YES;
				CLANG_WARN__DUPLICATE_METHOD_MATCH = YES;
				COPY_PHASE_STRIP = NO;
				DEBUG_INFORMATION_FORMAT = "dwarf-with-dsym";
				ENABLE_NS_ASSERTIONS = NO;
				ENABLE_STRICT_OBJC_MSGSEND = YES;
				GCC_C_LANGUAGE_STANDARD = gnu11;
				GCC_NO_COMMON_BLOCKS = YES;
				GCC_WARN_64_TO_32_BIT_CONVERSION = YES;
				GCC_WARN_ABOUT_RETURN_TYPE = YES_ERROR;
				GCC_WARN_UNDECLARED_SELECTOR = YES;
				GCC_WARN_UNINITIALIZED_AUTOS = YES_AGGRESSIVE;
				GCC_WARN_UNUSED_FUNCTION = YES;
				GCC_WARN_UNUSED_VARIABLE = YES;
				IPHONEOS_DEPLOYMENT_TARGET = 16.1;
				MTL_ENABLE_DEBUG_INFO = NO;
				MTL_FAST_MATH = YES;
				SDKROOT = iphoneos;
				SWIFT_COMPILATION_MODE = wholemodule;
				SWIFT_OPTIMIZATION_LEVEL = "-O";
				VALIDATE_PRODUCT = YES;
			};
			name = Release;
		};
		1D539F30291A8E7600C85888 /* Debug */ = {
			isa = XCBuildConfiguration;
			buildSettings = {
				ASSETCATALOG_COMPILER_APPICON_NAME = AppIcon;
				ASSETCATALOG_COMPILER_GLOBAL_ACCENT_COLOR_NAME = AccentColor;
				CODE_SIGN_STYLE = Automatic;
				CURRENT_PROJECT_VERSION = 1;
				GENERATE_INFOPLIST_FILE = YES;
				INFOPLIST_FILE = "Pitang Agile IT/Info.plist";
				INFOPLIST_KEY_UIApplicationSupportsIndirectInputEvents = YES;
				INFOPLIST_KEY_UILaunchStoryboardName = LaunchScreen;
				INFOPLIST_KEY_UIMainStoryboardFile = "";
				INFOPLIST_KEY_UISupportedInterfaceOrientations_iPad = "UIInterfaceOrientationPortrait UIInterfaceOrientationPortraitUpsideDown UIInterfaceOrientationLandscapeLeft UIInterfaceOrientationLandscapeRight";
				INFOPLIST_KEY_UISupportedInterfaceOrientations_iPhone = "UIInterfaceOrientationPortrait UIInterfaceOrientationLandscapeLeft UIInterfaceOrientationLandscapeRight";
				LD_RUNPATH_SEARCH_PATHS = (
					"$(inherited)",
					"@executable_path/Frameworks",
				);
				MARKETING_VERSION = 1.0;
				PRODUCT_BUNDLE_IDENTIFIER = "-sys.Pitang-Agile-IT";
				PRODUCT_NAME = "$(TARGET_NAME)";
				SWIFT_EMIT_LOC_STRINGS = YES;
				SWIFT_VERSION = 5.0;
				TARGETED_DEVICE_FAMILY = "1,2";
			};
			name = Debug;
		};
		1D539F31291A8E7600C85888 /* Release */ = {
			isa = XCBuildConfiguration;
			buildSettings = {
				ASSETCATALOG_COMPILER_APPICON_NAME = AppIcon;
				ASSETCATALOG_COMPILER_GLOBAL_ACCENT_COLOR_NAME = AccentColor;
				CODE_SIGN_STYLE = Automatic;
				CURRENT_PROJECT_VERSION = 1;
				GENERATE_INFOPLIST_FILE = YES;
				INFOPLIST_FILE = "Pitang Agile IT/Info.plist";
				INFOPLIST_KEY_UIApplicationSupportsIndirectInputEvents = YES;
				INFOPLIST_KEY_UILaunchStoryboardName = LaunchScreen;
				INFOPLIST_KEY_UIMainStoryboardFile = "";
				INFOPLIST_KEY_UISupportedInterfaceOrientations_iPad = "UIInterfaceOrientationPortrait UIInterfaceOrientationPortraitUpsideDown UIInterfaceOrientationLandscapeLeft UIInterfaceOrientationLandscapeRight";
				INFOPLIST_KEY_UISupportedInterfaceOrientations_iPhone = "UIInterfaceOrientationPortrait UIInterfaceOrientationLandscapeLeft UIInterfaceOrientationLandscapeRight";
				LD_RUNPATH_SEARCH_PATHS = (
					"$(inherited)",
					"@executable_path/Frameworks",
				);
				MARKETING_VERSION = 1.0;
				PRODUCT_BUNDLE_IDENTIFIER = "-sys.Pitang-Agile-IT";
				PRODUCT_NAME = "$(TARGET_NAME)";
				SWIFT_EMIT_LOC_STRINGS = YES;
				SWIFT_VERSION = 5.0;
				TARGETED_DEVICE_FAMILY = "1,2";
			};
			name = Release;
		};
		1DADF2DA292BFADB00FB3830 /* Debug */ = {
			isa = XCBuildConfiguration;
			buildSettings = {
				BUNDLE_LOADER = "$(TEST_HOST)";
				CODE_SIGN_STYLE = Automatic;
				CURRENT_PROJECT_VERSION = 1;
				GENERATE_INFOPLIST_FILE = YES;
				MARKETING_VERSION = 1.0;
				PRODUCT_BUNDLE_IDENTIFIER = "-sys.Pitang-Agile-IT-Tests";
				PRODUCT_NAME = "$(TARGET_NAME)";
				SWIFT_EMIT_LOC_STRINGS = NO;
				SWIFT_VERSION = 5.0;
				TARGETED_DEVICE_FAMILY = "1,2";
				TEST_HOST = "$(BUILT_PRODUCTS_DIR)/Pitang Agile IT.app/$(BUNDLE_EXECUTABLE_FOLDER_PATH)/Pitang Agile IT";
			};
			name = Debug;
		};
		1DADF2DB292BFADB00FB3830 /* Release */ = {
			isa = XCBuildConfiguration;
			buildSettings = {
				BUNDLE_LOADER = "$(TEST_HOST)";
				CODE_SIGN_STYLE = Automatic;
				CURRENT_PROJECT_VERSION = 1;
				GENERATE_INFOPLIST_FILE = YES;
				MARKETING_VERSION = 1.0;
				PRODUCT_BUNDLE_IDENTIFIER = "-sys.Pitang-Agile-IT-Tests";
				PRODUCT_NAME = "$(TARGET_NAME)";
				SWIFT_EMIT_LOC_STRINGS = NO;
				SWIFT_VERSION = 5.0;
				TARGETED_DEVICE_FAMILY = "1,2";
				TEST_HOST = "$(BUILT_PRODUCTS_DIR)/Pitang Agile IT.app/$(BUNDLE_EXECUTABLE_FOLDER_PATH)/Pitang Agile IT";
			};
			name = Release;
		};
/* End XCBuildConfiguration section */

/* Begin XCConfigurationList section */
		1D539F16291A8E7400C85888 /* Build configuration list for PBXProject "Pitang Agile IT" */ = {
			isa = XCConfigurationList;
			buildConfigurations = (
				1D539F2D291A8E7600C85888 /* Debug */,
				1D539F2E291A8E7600C85888 /* Release */,
			);
			defaultConfigurationIsVisible = 0;
			defaultConfigurationName = Release;
		};
		1D539F2F291A8E7600C85888 /* Build configuration list for PBXNativeTarget "Pitang Agile IT" */ = {
			isa = XCConfigurationList;
			buildConfigurations = (
				1D539F30291A8E7600C85888 /* Debug */,
				1D539F31291A8E7600C85888 /* Release */,
			);
			defaultConfigurationIsVisible = 0;
			defaultConfigurationName = Release;
		};
		1DADF2D9292BFADB00FB3830 /* Build configuration list for PBXNativeTarget "Pitang Agile IT Tests" */ = {
			isa = XCConfigurationList;
			buildConfigurations = (
				1DADF2DA292BFADB00FB3830 /* Debug */,
				1DADF2DB292BFADB00FB3830 /* Release */,
			);
			defaultConfigurationIsVisible = 0;
			defaultConfigurationName = Release;
		};
/* End XCConfigurationList section */
	};
	rootObject = 1D539F13291A8E7400C85888 /* Project object */;
}
